// !$*UTF8*$!
{
	archiveVersion = 1;
	classes = {
	};
	objectVersion = 55;
	objects = {

/* Begin PBXBuildFile section */
		3E7ABD7E28E853D0002B4928 /* AppDelegate.swift in Sources */ = {isa = PBXBuildFile; fileRef = 3E7ABD7D28E853D0002B4928 /* AppDelegate.swift */; };
		3E7ABD8028E853D0002B4928 /* SceneDelegate.swift in Sources */ = {isa = PBXBuildFile; fileRef = 3E7ABD7F28E853D0002B4928 /* SceneDelegate.swift */; };
		3E7ABD8228E853D0002B4928 /* ViewController.swift in Sources */ = {isa = PBXBuildFile; fileRef = 3E7ABD8128E853D0002B4928 /* ViewController.swift */; };
		3E7ABD8528E853D0002B4928 /* Main.storyboard in Resources */ = {isa = PBXBuildFile; fileRef = 3E7ABD8328E853D0002B4928 /* Main.storyboard */; };
		3E7ABD8728E853D1002B4928 /* Assets.xcassets in Resources */ = {isa = PBXBuildFile; fileRef = 3E7ABD8628E853D1002B4928 /* Assets.xcassets */; };
		3E7ABD8A28E853D1002B4928 /* LaunchScreen.storyboard in Resources */ = {isa = PBXBuildFile; fileRef = 3E7ABD8828E853D1002B4928 /* LaunchScreen.storyboard */; };
		3E7ABD9C28E85666002B4928 /* 3.jpg in Resources */ = {isa = PBXBuildFile; fileRef = 3E7ABD9228E85666002B4928 /* 3.jpg */; };
		3E7ABD9D28E85666002B4928 /* 2.jpg in Resources */ = {isa = PBXBuildFile; fileRef = 3E7ABD9328E85666002B4928 /* 2.jpg */; };
		3E7ABD9E28E85666002B4928 /* 6.jpg in Resources */ = {isa = PBXBuildFile; fileRef = 3E7ABD9428E85666002B4928 /* 6.jpg */; };
		3E7ABD9F28E85666002B4928 /* 8.jpg in Resources */ = {isa = PBXBuildFile; fileRef = 3E7ABD9528E85666002B4928 /* 8.jpg */; };
		3E7ABDA028E85666002B4928 /* 7.jpg in Resources */ = {isa = PBXBuildFile; fileRef = 3E7ABD9628E85666002B4928 /* 7.jpg */; };
		3E7ABDA128E85666002B4928 /* 10.jpg in Resources */ = {isa = PBXBuildFile; fileRef = 3E7ABD9728E85666002B4928 /* 10.jpg */; };
		3E7ABDA228E85666002B4928 /* 4.jpg in Resources */ = {isa = PBXBuildFile; fileRef = 3E7ABD9828E85666002B4928 /* 4.jpg */; };
		3E7ABDA328E85666002B4928 /* 5.jpg in Resources */ = {isa = PBXBuildFile; fileRef = 3E7ABD9928E85666002B4928 /* 5.jpg */; };
		3E7ABDA428E85666002B4928 /* 1.jpg in Resources */ = {isa = PBXBuildFile; fileRef = 3E7ABD9A28E85666002B4928 /* 1.jpg */; };
		3E7ABDA528E85666002B4928 /* 9.jpg in Resources */ = {isa = PBXBuildFile; fileRef = 3E7ABD9B28E85666002B4928 /* 9.jpg */; };
/* End PBXBuildFile section */

/* Begin PBXFileReference section */
		3E7ABD7A28E853D0002B4928 /* PickerView.app */ = {isa = PBXFileReference; explicitFileType = wrapper.application; includeInIndex = 0; path = PickerView.app; sourceTree = BUILT_PRODUCTS_DIR; };
		3E7ABD7D28E853D0002B4928 /* AppDelegate.swift */ = {isa = PBXFileReference; lastKnownFileType = sourcecode.swift; path = AppDelegate.swift; sourceTree = "<group>"; };
		3E7ABD7F28E853D0002B4928 /* SceneDelegate.swift */ = {isa = PBXFileReference; lastKnownFileType = sourcecode.swift; path = SceneDelegate.swift; sourceTree = "<group>"; };
		3E7ABD8128E853D0002B4928 /* ViewController.swift */ = {isa = PBXFileReference; lastKnownFileType = sourcecode.swift; path = ViewController.swift; sourceTree = "<group>"; };
		3E7ABD8428E853D0002B4928 /* Base */ = {isa = PBXFileReference; lastKnownFileType = file.storyboard; name = Base; path = Base.lproj/Main.storyboard; sourceTree = "<group>"; };
		3E7ABD8628E853D1002B4928 /* Assets.xcassets */ = {isa = PBXFileReference; lastKnownFileType = folder.assetcatalog; path = Assets.xcassets; sourceTree = "<group>"; };
		3E7ABD8928E853D1002B4928 /* Base */ = {isa = PBXFileReference; lastKnownFileType = file.storyboard; name = Base; path = Base.lproj/LaunchScreen.storyboard; sourceTree = "<group>"; };
		3E7ABD8B28E853D1002B4928 /* Info.plist */ = {isa = PBXFileReference; lastKnownFileType = text.plist.xml; path = Info.plist; sourceTree = "<group>"; };
		3E7ABD9228E85666002B4928 /* 3.jpg */ = {isa = PBXFileReference; lastKnownFileType = image.jpeg; path = 3.jpg; sourceTree = "<group>"; };
		3E7ABD9328E85666002B4928 /* 2.jpg */ = {isa = PBXFileReference; lastKnownFileType = image.jpeg; path = 2.jpg; sourceTree = "<group>"; };
		3E7ABD9428E85666002B4928 /* 6.jpg */ = {isa = PBXFileReference; lastKnownFileType = image.jpeg; path = 6.jpg; sourceTree = "<group>"; };
		3E7ABD9528E85666002B4928 /* 8.jpg */ = {isa = PBXFileReference; lastKnownFileType = image.jpeg; path = 8.jpg; sourceTree = "<group>"; };
		3E7ABD9628E85666002B4928 /* 7.jpg */ = {isa = PBXFileReference; lastKnownFileType = image.jpeg; path = 7.jpg; sourceTree = "<group>"; };
		3E7ABD9728E85666002B4928 /* 10.jpg */ = {isa = PBXFileReference; lastKnownFileType = image.jpeg; path = 10.jpg; sourceTree = "<group>"; };
		3E7ABD9828E85666002B4928 /* 4.jpg */ = {isa = PBXFileReference; lastKnownFileType = image.jpeg; path = 4.jpg; sourceTree = "<group>"; };
		3E7ABD9928E85666002B4928 /* 5.jpg */ = {isa = PBXFileReference; lastKnownFileType = image.jpeg; path = 5.jpg; sourceTree = "<group>"; };
		3E7ABD9A28E85666002B4928 /* 1.jpg */ = {isa = PBXFileReference; lastKnownFileType = image.jpeg; path = 1.jpg; sourceTree = "<group>"; };
		3E7ABD9B28E85666002B4928 /* 9.jpg */ = {isa = PBXFileReference; lastKnownFileType = image.jpeg; path = 9.jpg; sourceTree = "<group>"; };
/* End PBXFileReference section */

/* Begin PBXFrameworksBuildPhase section */
		3E7ABD7728E853D0002B4928 /* Frameworks */ = {
			isa = PBXFrameworksBuildPhase;
			buildActionMask = 2147483647;
			files = (
			);
			runOnlyForDeploymentPostprocessing = 0;
		};
/* End PBXFrameworksBuildPhase section */

/* Begin PBXGroup section */
		3E7ABD7128E853D0002B4928 = {
			isa = PBXGroup;
			children = (
				3E7ABD7C28E853D0002B4928 /* PickerView */,
				3E7ABD7B28E853D0002B4928 /* Products */,
			);
			sourceTree = "<group>";
		};
		3E7ABD7B28E853D0002B4928 /* Products */ = {
			isa = PBXGroup;
			children = (
				3E7ABD7A28E853D0002B4928 /* PickerView.app */,
			);
			name = Products;
			sourceTree = "<group>";
		};
		3E7ABD7C28E853D0002B4928 /* PickerView */ = {
			isa = PBXGroup;
			children = (
				3E7ABD9128E85619002B4928 /* images */,
				3E7ABD7D28E853D0002B4928 /* AppDelegate.swift */,
				3E7ABD7F28E853D0002B4928 /* SceneDelegate.swift */,
				3E7ABD8128E853D0002B4928 /* ViewController.swift */,
				3E7ABD8328E853D0002B4928 /* Main.storyboard */,
				3E7ABD8628E853D1002B4928 /* Assets.xcassets */,
				3E7ABD8828E853D1002B4928 /* LaunchScreen.storyboard */,
				3E7ABD8B28E853D1002B4928 /* Info.plist */,
			);
			path = PickerView;
			sourceTree = "<group>";
		};
		3E7ABD9128E85619002B4928 /* images */ = {
			isa = PBXGroup;
			children = (
				3E7ABD9A28E85666002B4928 /* 1.jpg */,
				3E7ABD9328E85666002B4928 /* 2.jpg */,
				3E7ABD9228E85666002B4928 /* 3.jpg */,
				3E7ABD9828E85666002B4928 /* 4.jpg */,
				3E7ABD9928E85666002B4928 /* 5.jpg */,
				3E7ABD9428E85666002B4928 /* 6.jpg */,
				3E7ABD9628E85666002B4928 /* 7.jpg */,
				3E7ABD9528E85666002B4928 /* 8.jpg */,
				3E7ABD9B28E85666002B4928 /* 9.jpg */,
				3E7ABD9728E85666002B4928 /* 10.jpg */,
			);
			path = images;
			sourceTree = "<group>";
		};
/* End PBXGroup section */

/* Begin PBXNativeTarget section */
		3E7ABD7928E853D0002B4928 /* PickerView */ = {
			isa = PBXNativeTarget;
			buildConfigurationList = 3E7ABD8E28E853D1002B4928 /* Build configuration list for PBXNativeTarget "PickerView" */;
			buildPhases = (
				3E7ABD7628E853D0002B4928 /* Sources */,
				3E7ABD7728E853D0002B4928 /* Frameworks */,
				3E7ABD7828E853D0002B4928 /* Resources */,
			);
			buildRules = (
			);
			dependencies = (
			);
			name = PickerView;
			productName = PickerView;
			productReference = 3E7ABD7A28E853D0002B4928 /* PickerView.app */;
			productType = "com.apple.product-type.application";
		};
/* End PBXNativeTarget section */

/* Begin PBXProject section */
		3E7ABD7228E853D0002B4928 /* Project object */ = {
			isa = PBXProject;
			attributes = {
				BuildIndependentTargetsInParallel = 1;
				LastSwiftUpdateCheck = 1320;
				LastUpgradeCheck = 1320;
				TargetAttributes = {
					3E7ABD7928E853D0002B4928 = {
						CreatedOnToolsVersion = 13.2.1;
					};
				};
			};
			buildConfigurationList = 3E7ABD7528E853D0002B4928 /* Build configuration list for PBXProject "PickerView" */;
			compatibilityVersion = "Xcode 13.0";
			developmentRegion = en;
			hasScannedForEncodings = 0;
			knownRegions = (
				en,
				Base,
			);
			mainGroup = 3E7ABD7128E853D0002B4928;
			productRefGroup = 3E7ABD7B28E853D0002B4928 /* Products */;
			projectDirPath = "";
			projectRoot = "";
			targets = (
				3E7ABD7928E853D0002B4928 /* PickerView */,
			);
		};
/* End PBXProject section */

/* Begin PBXResourcesBuildPhase section */
		3E7ABD7828E853D0002B4928 /* Resources */ = {
			isa = PBXResourcesBuildPhase;
			buildActionMask = 2147483647;
			files = (
				3E7ABDA528E85666002B4928 /* 9.jpg in Resources */,
				3E7ABDA328E85666002B4928 /* 5.jpg in Resources */,
				3E7ABD9E28E85666002B4928 /* 6.jpg in Resources */,
				3E7ABD8A28E853D1002B4928 /* LaunchScreen.storyboard in Resources */,
				3E7ABD8728E853D1002B4928 /* Assets.xcassets in Resources */,
				3E7ABDA028E85666002B4928 /* 7.jpg in Resources */,
				3E7ABDA128E85666002B4928 /* 10.jpg in Resources */,
				3E7ABD9D28E85666002B4928 /* 2.jpg in Resources */,
				3E7ABD8528E853D0002B4928 /* Main.storyboard in Resources */,
				3E7ABD9C28E85666002B4928 /* 3.jpg in Resources */,
				3E7ABDA428E85666002B4928 /* 1.jpg in Resources */,
				3E7ABDA228E85666002B4928 /* 4.jpg in Resources */,
				3E7ABD9F28E85666002B4928 /* 8.jpg in Resources */,
			);
			runOnlyForDeploymentPostprocessing = 0;
		};
/* End PBXResourcesBuildPhase section */

/* Begin PBXSourcesBuildPhase section */
		3E7ABD7628E853D0002B4928 /* Sources */ = {
			isa = PBXSourcesBuildPhase;
			buildActionMask = 2147483647;
			files = (
				3E7ABD8228E853D0002B4928 /* ViewController.swift in Sources */,
				3E7ABD7E28E853D0002B4928 /* AppDelegate.swift in Sources */,
				3E7ABD8028E853D0002B4928 /* SceneDelegate.swift in Sources */,
			);
			runOnlyForDeploymentPostprocessing = 0;
		};
/* End PBXSourcesBuildPhase section */

/* Begin PBXVariantGroup section */
		3E7ABD8328E853D0002B4928 /* Main.storyboard */ = {
			isa = PBXVariantGroup;
			children = (
				3E7ABD8428E853D0002B4928 /* Base */,
			);
			name = Main.storyboard;
			sourceTree = "<group>";
		};
		3E7ABD8828E853D1002B4928 /* LaunchScreen.storyboard */ = {
			isa = PBXVariantGroup;
			children = (
				3E7ABD8928E853D1002B4928 /* Base */,
			);
			name = LaunchScreen.storyboard;
			sourceTree = "<group>";
		};
/* End PBXVariantGroup section */

/* Begin XCBuildConfiguration section */
		3E7ABD8C28E853D1002B4928 /* Debug */ = {
			isa = XCBuildConfiguration;
			buildSettings = {
				ALWAYS_SEARCH_USER_PATHS = NO;
				CLANG_ANALYZER_NONNULL = YES;
				CLANG_ANALYZER_NUMBER_OBJECT_CONVERSION = YES_AGGRESSIVE;
				CLANG_CXX_LANGUAGE_STANDARD = "gnu++17";
				CLANG_CXX_LIBRARY = "libc++";
				CLANG_ENABLE_MODULES = YES;
				CLANG_ENABLE_OBJC_ARC = YES;
				CLANG_ENABLE_OBJC_WEAK = YES;
				CLANG_WARN_BLOCK_CAPTURE_AUTORELEASING = YES;
				CLANG_WARN_BOOL_CONVERSION = YES;
				CLANG_WARN_COMMA = YES;
				CLANG_WARN_CONSTANT_CONVERSION = YES;
				CLANG_WARN_DEPRECATED_OBJC_IMPLEMENTATIONS = YES;
				CLANG_WARN_DIRECT_OBJC_ISA_USAGE = YES_ERROR;
				CLANG_WARN_DOCUMENTATION_COMMENTS = YES;
				CLANG_WARN_EMPTY_BODY = YES;
				CLANG_WARN_ENUM_CONVERSION = YES;
				CLANG_WARN_INFINITE_RECURSION = YES;
				CLANG_WARN_INT_CONVERSION = YES;
				CLANG_WARN_NON_LITERAL_NULL_CONVERSION = YES;
				CLANG_WARN_OBJC_IMPLICIT_RETAIN_SELF = YES;
				CLANG_WARN_OBJC_LITERAL_CONVERSION = YES;
				CLANG_WARN_OBJC_ROOT_CLASS = YES_ERROR;
				CLANG_WARN_QUOTED_INCLUDE_IN_FRAMEWORK_HEADER = YES;
				CLANG_WARN_RANGE_LOOP_ANALYSIS = YES;
				CLANG_WARN_STRICT_PROTOTYPES = YES;
				CLANG_WARN_SUSPICIOUS_MOVE = YES;
				CLANG_WARN_UNGUARDED_AVAILABILITY = YES_AGGRESSIVE;
				CLANG_WARN_UNREACHABLE_CODE = YES;
				CLANG_WARN__DUPLICATE_METHOD_MATCH = YES;
				COPY_PHASE_STRIP = NO;
				DEBUG_INFORMATION_FORMAT = dwarf;
				ENABLE_STRICT_OBJC_MSGSEND = YES;
				ENABLE_TESTABILITY = YES;
				GCC_C_LANGUAGE_STANDARD = gnu11;
				GCC_DYNAMIC_NO_PIC = NO;
				GCC_NO_COMMON_BLOCKS = YES;
				GCC_OPTIMIZATION_LEVEL = 0;
				GCC_PREPROCESSOR_DEFINITIONS = (
					"DEBUG=1",
					"$(inherited)",
				);
				GCC_WARN_64_TO_32_BIT_CONVERSION = YES;
				GCC_WARN_ABOUT_RETURN_TYPE = YES_ERROR;
				GCC_WARN_UNDECLARED_SELECTOR = YES;
				GCC_WARN_UNINITIALIZED_AUTOS = YES_AGGRESSIVE;
				GCC_WARN_UNUSED_FUNCTION = YES;
				GCC_WARN_UNUSED_VARIABLE = YES;
				IPHONEOS_DEPLOYMENT_TARGET = 15.2;
				MTL_ENABLE_DEBUG_INFO = INCLUDE_SOURCE;
				MTL_FAST_MATH = YES;
				ONLY_ACTIVE_ARCH = YES;
				SDKROOT = iphoneos;
				SWIFT_ACTIVE_COMPILATION_CONDITIONS = DEBUG;
				SWIFT_OPTIMIZATION_LEVEL = "-Onone";
			};
			name = Debug;
		};
		3E7ABD8D28E853D1002B4928 /* Release */ = {
			isa = XCBuildConfiguration;
			buildSettings = {
				ALWAYS_SEARCH_USER_PATHS = NO;
				CLANG_ANALYZER_NONNULL = YES;
				CLANG_ANALYZER_NUMBER_OBJECT_CONVERSION = YES_AGGRESSIVE;
				CLANG_CXX_LANGUAGE_STANDARD = "gnu++17";
				CLANG_CXX_LIBRARY = "libc++";
				CLANG_ENABLE_MODULES = YES;
				CLANG_ENABLE_OBJC_ARC = YES;
				CLANG_ENABLE_OBJC_WEAK = YES;
				CLANG_WARN_BLOCK_CAPTURE_AUTORELEASING = YES;
				CLANG_WARN_BOOL_CONVERSION = YES;
				CLANG_WARN_COMMA = YES;
				CLANG_WARN_CONSTANT_CONVERSION = YES;
				CLANG_WARN_DEPRECATED_OBJC_IMPLEMENTATIONS = YES;
				CLANG_WARN_DIRECT_OBJC_ISA_USAGE = YES_ERROR;
				CLANG_WARN_DOCUMENTATION_COMMENTS = YES;
				CLANG_WARN_EMPTY_BODY = YES;
				CLANG_WARN_ENUM_CONVERSION = YES;
				CLANG_WARN_INFINITE_RECURSION = YES;
				CLANG_WARN_INT_CONVERSION = YES;
				CLANG_WARN_NON_LITERAL_NULL_CONVERSION = YES;
				CLANG_WARN_OBJC_IMPLICIT_RETAIN_SELF = YES;
				CLANG_WARN_OBJC_LITERAL_CONVERSION = YES;
				CLANG_WARN_OBJC_ROOT_CLASS = YES_ERROR;
				CLANG_WARN_QUOTED_INCLUDE_IN_FRAMEWORK_HEADER = YES;
				CLANG_WARN_RANGE_LOOP_ANALYSIS = YES;
				CLANG_WARN_STRICT_PROTOTYPES = YES;
				CLANG_WARN_SUSPICIOUS_MOVE = YES;
				CLANG_WARN_UNGUARDED_AVAILABILITY = YES_AGGRESSIVE;
				CLANG_WARN_UNREACHABLE_CODE = YES;
				CLANG_WARN__DUPLICATE_METHOD_MATCH = YES;
				COPY_PHASE_STRIP = NO;
				DEBUG_INFORMATION_FORMAT = "dwarf-with-dsym";
				ENABLE_NS_ASSERTIONS = NO;
				ENABLE_STRICT_OBJC_MSGSEND = YES;
				GCC_C_LANGUAGE_STANDARD = gnu11;
				GCC_NO_COMMON_BLOCKS = YES;
				GCC_WARN_64_TO_32_BIT_CONVERSION = YES;
				GCC_WARN_ABOUT_RETURN_TYPE = YES_ERROR;
				GCC_WARN_UNDECLARED_SELECTOR = YES;
				GCC_WARN_UNINITIALIZED_AUTOS = YES_AGGRESSIVE;
				GCC_WARN_UNUSED_FUNCTION = YES;
				GCC_WARN_UNUSED_VARIABLE = YES;
				IPHONEOS_DEPLOYMENT_TARGET = 15.2;
				MTL_ENABLE_DEBUG_INFO = NO;
				MTL_FAST_MATH = YES;
				SDKROOT = iphoneos;
				SWIFT_COMPILATION_MODE = wholemodule;
				SWIFT_OPTIMIZATION_LEVEL = "-O";
				VALIDATE_PRODUCT = YES;
			};
			name = Release;
		};
		3E7ABD8F28E853D1002B4928 /* Debug */ = {
			isa = XCBuildConfiguration;
			buildSettings = {
				ASSETCATALOG_COMPILER_APPICON_NAME = AppIcon;
				ASSETCATALOG_COMPILER_GLOBAL_ACCENT_COLOR_NAME = AccentColor;
				CODE_SIGN_STYLE = Automatic;
				CURRENT_PROJECT_VERSION = 1;
				DEVELOPMENT_TEAM = 5FD6N3MJT9;
				GENERATE_INFOPLIST_FILE = YES;
				INFOPLIST_FILE = PickerView/Info.plist;
				INFOPLIST_KEY_UIApplicationSupportsIndirectInputEvents = YES;
				INFOPLIST_KEY_UILaunchStoryboardName = LaunchScreen;
				INFOPLIST_KEY_UIMainStoryboardFile = Main;
				INFOPLIST_KEY_UISupportedInterfaceOrientations_iPad = "UIInterfaceOrientationPortrait UIInterfaceOrientationPortraitUpsideDown UIInterfaceOrientationLandscapeLeft UIInterfaceOrientationLandscapeRight";
				INFOPLIST_KEY_UISupportedInterfaceOrientations_iPhone = "UIInterfaceOrientationPortrait UIInterfaceOrientationLandscapeLeft UIInterfaceOrientationLandscapeRight";
				LD_RUNPATH_SEARCH_PATHS = (
					"$(inherited)",
					"@executable_path/Frameworks",
				);
				MARKETING_VERSION = 1.0;
				PRODUCT_BUNDLE_IDENTIFIER = "jihyeon318-naver.com.PickerView";
				PRODUCT_NAME = "$(TARGET_NAME)";
				SWIFT_EMIT_LOC_STRINGS = YES;
				SWIFT_VERSION = 5.0;
				TARGETED_DEVICE_FAMILY = "1,2";
			};
			name = Debug;
		};
		3E7ABD9028E853D1002B4928 /* Release */ = {
			isa = XCBuildConfiguration;
			buildSettings = {
				ASSETCATALOG_COMPILER_APPICON_NAME = AppIcon;
				ASSETCATALOG_COMPILER_GLOBAL_ACCENT_COLOR_NAME = AccentColor;
				CODE_SIGN_STYLE = Automatic;
				CURRENT_PROJECT_VERSION = 1;
				DEVELOPMENT_TEAM = 5FD6N3MJT9;
				GENERATE_INFOPLIST_FILE = YES;
				INFOPLIST_FILE = PickerView/Info.plist;
				INFOPLIST_KEY_UIApplicationSupportsIndirectInputEvents = YES;
				INFOPLIST_KEY_UILaunchStoryboardName = LaunchScreen;
				INFOPLIST_KEY_UIMainStoryboardFile = Main;
				INFOPLIST_KEY_UISupportedInterfaceOrientations_iPad = "UIInterfaceOrientationPortrait UIInterfaceOrientationPortraitUpsideDown UIInterfaceOrientationLandscapeLeft UIInterfaceOrientationLandscapeRight";
				INFOPLIST_KEY_UISupportedInterfaceOrientations_iPhone = "UIInterfaceOrientationPortrait UIInterfaceOrientationLandscapeLeft UIInterfaceOrientationLandscapeRight";
				LD_RUNPATH_SEARCH_PATHS = (
					"$(inherited)",
					"@executable_path/Frameworks",
				);
				MARKETING_VERSION = 1.0;
				PRODUCT_BUNDLE_IDENTIFIER = "jihyeon318-naver.com.PickerView";
				PRODUCT_NAME = "$(TARGET_NAME)";
				SWIFT_EMIT_LOC_STRINGS = YES;
				SWIFT_VERSION = 5.0;
				TARGETED_DEVICE_FAMILY = "1,2";
			};
			name = Release;
		};
/* End XCBuildConfiguration section */

/* Begin XCConfigurationList section */
		3E7ABD7528E853D0002B4928 /* Build configuration list for PBXProject "PickerView" */ = {
			isa = XCConfigurationList;
			buildConfigurations = (
				3E7ABD8C28E853D1002B4928 /* Debug */,
				3E7ABD8D28E853D1002B4928 /* Release */,
			);
			defaultConfigurationIsVisible = 0;
			defaultConfigurationName = Release;
		};
		3E7ABD8E28E853D1002B4928 /* Build configuration list for PBXNativeTarget "PickerView" */ = {
			isa = XCConfigurationList;
			buildConfigurations = (
				3E7ABD8F28E853D1002B4928 /* Debug */,
				3E7ABD9028E853D1002B4928 /* Release */,
			);
			defaultConfigurationIsVisible = 0;
			defaultConfigurationName = Release;
		};
/* End XCConfigurationList section */
	};
	rootObject = 3E7ABD7228E853D0002B4928 /* Project object */;
}
